
Microsoft Visual Studio Solution File, Format Version 12.00
# Visual Studio 15
VisualStudioVersion = 15.0.28307.1145
MinimumVisualStudioVersion = 10.0.40219.1
Project("{2150E333-8FDC-42A3-9474-1A3956D46DE8}") = "gbdk-lib", "gbdk-lib", "{A764F679-EBFB-4882-9346-765834AF244F}"
EndProject
Project("{2150E333-8FDC-42A3-9474-1A3956D46DE8}") = "gbdk-support", "gbdk-support", "{50285597-5DA3-405A-AB4F-FC6C0BE8B67F}"
EndProject
Project("{2150E333-8FDC-42A3-9474-1A3956D46DE8}") = "Examples", "Examples", "{2DB5371C-73D6-4C57-9031-24902B6E03D5}"
EndProject
Project("{8BC9CEB8-8B4A-11D0-8D11-00A0C91BC942}") = "lcc", "..\gbdk-support\lcc.vcxproj", "{2B573C10-5A15-4E77-8F33-804EABADC75B}"
EndProject
Project("{2150E333-8FDC-42A3-9474-1A3956D46DE8}") = "asxxxx", "asxxxx", "{2B3461D7-77D7-4824-9363-08D19321CF61}"
EndProject
Project("{8BC9CEB8-8B4A-11D0-8D11-00A0C91BC942}") = "gb", "gbdk-lib\asxxxx\gb\gb.vcxproj", "{A830D9E7-D9AD-45A3-8F0B-984454B883DD}"
EndProject
Project("{8BC9CEB8-8B4A-11D0-8D11-00A0C91BC942}") = "gbz80", "gbdk-lib\asxxxx\gbz80\gbz80.vcxproj", "{A718DD35-8360-43D8-82D2-45D27B94C3A8}"
EndProject
Project("{8BC9CEB8-8B4A-11D0-8D11-00A0C91BC942}") = "galaxy", "gbdk-lib\examples\galaxy\galaxy.vcxproj", "{1A41C8AC-3050-4149-B6B7-DE2FED614507}"
	ProjectSection(ProjectDependencies) = postProject
		{A718DD35-8360-43D8-82D2-45D27B94C3A8} = {A718DD35-8360-43D8-82D2-45D27B94C3A8}
		{A830D9E7-D9AD-45A3-8F0B-984454B883DD} = {A830D9E7-D9AD-45A3-8F0B-984454B883DD}
	EndProjectSection
EndProject
Project("{8BC9CEB8-8B4A-11D0-8D11-00A0C91BC942}") = "space", "gbdk-lib\examples\space\space.vcxproj", "{8FB86A25-305B-4D59-8B73-F1D6C72F506B}"
	ProjectSection(ProjectDependencies) = postProject
		{A718DD35-8360-43D8-82D2-45D27B94C3A8} = {A718DD35-8360-43D8-82D2-45D27B94C3A8}
		{A830D9E7-D9AD-45A3-8F0B-984454B883DD} = {A830D9E7-D9AD-45A3-8F0B-984454B883DD}
	EndProjectSection
EndProject
Project("{8BC9CEB8-8B4A-11D0-8D11-00A0C91BC942}") = "paint", "gbdk-lib\examples\paint\paint.vcxproj", "{9070B8EE-F60F-4155-9349-CCB1564EE28D}"
	ProjectSection(ProjectDependencies) = postProject
		{A718DD35-8360-43D8-82D2-45D27B94C3A8} = {A718DD35-8360-43D8-82D2-45D27B94C3A8}
		{A830D9E7-D9AD-45A3-8F0B-984454B883DD} = {A830D9E7-D9AD-45A3-8F0B-984454B883DD}
	EndProjectSection
EndProject
Project("{8BC9CEB8-8B4A-11D0-8D11-00A0C91BC942}") = "rpn", "gbdk-lib\examples\rpn\rpn.vcxproj", "{3F40BE7B-928E-45B5-8A73-9A60590F3209}"
	ProjectSection(ProjectDependencies) = postProject
		{A718DD35-8360-43D8-82D2-45D27B94C3A8} = {A718DD35-8360-43D8-82D2-45D27B94C3A8}
		{A830D9E7-D9AD-45A3-8F0B-984454B883DD} = {A830D9E7-D9AD-45A3-8F0B-984454B883DD}
	EndProjectSection
EndProject
Project("{8BC9CEB8-8B4A-11D0-8D11-00A0C91BC942}") = "rand", "gbdk-lib\examples\rand\rand.vcxproj", "{A70184A1-AA6A-4140-BC1E-54A61095FBDC}"
	ProjectSection(ProjectDependencies) = postProject
		{A718DD35-8360-43D8-82D2-45D27B94C3A8} = {A718DD35-8360-43D8-82D2-45D27B94C3A8}
		{A830D9E7-D9AD-45A3-8F0B-984454B883DD} = {A830D9E7-D9AD-45A3-8F0B-984454B883DD}
	EndProjectSection
EndProject
Project("{8BC9CEB8-8B4A-11D0-8D11-00A0C91BC942}") = "comm", "gbdk-lib\examples\comm\comm.vcxproj", "{F692804D-1EB6-4B9F-BD2E-7E0B127B4285}"
	ProjectSection(ProjectDependencies) = postProject
		{A718DD35-8360-43D8-82D2-45D27B94C3A8} = {A718DD35-8360-43D8-82D2-45D27B94C3A8}
		{A830D9E7-D9AD-45A3-8F0B-984454B883DD} = {A830D9E7-D9AD-45A3-8F0B-984454B883DD}
	EndProjectSection
EndProject
Project("{8BC9CEB8-8B4A-11D0-8D11-00A0C91BC942}") = "irq", "gbdk-lib\examples\irq\irq.vcxproj", "{2730F0C0-9F32-4A91-8B7F-8B18BC54172A}"
	ProjectSection(ProjectDependencies) = postProject
		{A718DD35-8360-43D8-82D2-45D27B94C3A8} = {A718DD35-8360-43D8-82D2-45D27B94C3A8}
		{A830D9E7-D9AD-45A3-8F0B-984454B883DD} = {A830D9E7-D9AD-45A3-8F0B-984454B883DD}
	EndProjectSection
EndProject
Project("{8BC9CEB8-8B4A-11D0-8D11-00A0C91BC942}") = "filltest", "gbdk-lib\examples\filltest\filltest.vcxproj", "{B2E0E9F9-BC85-4C4A-8C51-54AB92736EFD}"
	ProjectSection(ProjectDependencies) = postProject
		{A718DD35-8360-43D8-82D2-45D27B94C3A8} = {A718DD35-8360-43D8-82D2-45D27B94C3A8}
		{A830D9E7-D9AD-45A3-8F0B-984454B883DD} = {A830D9E7-D9AD-45A3-8F0B-984454B883DD}
	EndProjectSection
EndProject
Project("{8BC9CEB8-8B4A-11D0-8D11-00A0C91BC942}") = "ram_fn", "gbdk-lib\examples\ram_fn\ram_fn.vcxproj", "{F5BCAFEA-4D59-4552-A177-45DC8180F718}"
	ProjectSection(ProjectDependencies) = postProject
		{A718DD35-8360-43D8-82D2-45D27B94C3A8} = {A718DD35-8360-43D8-82D2-45D27B94C3A8}
		{A830D9E7-D9AD-45A3-8F0B-984454B883DD} = {A830D9E7-D9AD-45A3-8F0B-984454B883DD}
	EndProjectSection
EndProject
Project("{8BC9CEB8-8B4A-11D0-8D11-00A0C91BC942}") = "fonts", "gbdk-lib\examples\fonts\fonts.vcxproj", "{DB614D57-A939-4F14-985C-52B41E60048B}"
	ProjectSection(ProjectDependencies) = postProject
		{A718DD35-8360-43D8-82D2-45D27B94C3A8} = {A718DD35-8360-43D8-82D2-45D27B94C3A8}
		{A830D9E7-D9AD-45A3-8F0B-984454B883DD} = {A830D9E7-D9AD-45A3-8F0B-984454B883DD}
	EndProjectSection
EndProject
Project("{8BC9CEB8-8B4A-11D0-8D11-00A0C91BC942}") = "samptest", "gbdk-lib\examples\samptest\samptest.vcxproj", "{AD4AB4E3-25D8-4F7C-AE0F-D8EFB0D8CE56}"
	ProjectSection(ProjectDependencies) = postProject
		{A718DD35-8360-43D8-82D2-45D27B94C3A8} = {A718DD35-8360-43D8-82D2-45D27B94C3A8}
		{A830D9E7-D9AD-45A3-8F0B-984454B883DD} = {A830D9E7-D9AD-45A3-8F0B-984454B883DD}
	EndProjectSection
EndProject
Project("{8BC9CEB8-8B4A-11D0-8D11-00A0C91BC942}") = "banks", "gbdk-lib\examples\banks\banks.vcxproj", "{A94D575B-67D0-4EA3-A333-B003A5C8032F}"
	ProjectSection(ProjectDependencies) = postProject
		{A718DD35-8360-43D8-82D2-45D27B94C3A8} = {A718DD35-8360-43D8-82D2-45D27B94C3A8}
		{A830D9E7-D9AD-45A3-8F0B-984454B883DD} = {A830D9E7-D9AD-45A3-8F0B-984454B883DD}
	EndProjectSection
EndProject
Project("{8BC9CEB8-8B4A-11D0-8D11-00A0C91BC942}") = "new_banks", "gbdk-lib\examples\new_banks\new_banks.vcxproj", "{A7528083-BE2E-4527-83A8-3F73E6673F79}"
	ProjectSection(ProjectDependencies) = postProject
		{A718DD35-8360-43D8-82D2-45D27B94C3A8} = {A718DD35-8360-43D8-82D2-45D27B94C3A8}
		{A830D9E7-D9AD-45A3-8F0B-984454B883DD} = {A830D9E7-D9AD-45A3-8F0B-984454B883DD}
	EndProjectSection
EndProject
Project("{8BC9CEB8-8B4A-11D0-8D11-00A0C91BC942}") = "farptr", "gbdk-lib\examples\farptr\farptr.vcxproj", "{A1EFDF72-8958-41D2-A3F3-977CAD736B5B}"
	ProjectSection(ProjectDependencies) = postProject
		{A718DD35-8360-43D8-82D2-45D27B94C3A8} = {A718DD35-8360-43D8-82D2-45D27B94C3A8}
		{A830D9E7-D9AD-45A3-8F0B-984454B883DD} = {A830D9E7-D9AD-45A3-8F0B-984454B883DD}
	EndProjectSection
EndProject
Project("{8BC9CEB8-8B4A-11D0-8D11-00A0C91BC942}") = "bcd", "gbdk-lib\examples\bcd\bcd.vcxproj", "{48B889C4-5E43-4839-9DE9-9ECD82744125}"
	ProjectSection(ProjectDependencies) = postProject
		{A718DD35-8360-43D8-82D2-45D27B94C3A8} = {A718DD35-8360-43D8-82D2-45D27B94C3A8}
		{A830D9E7-D9AD-45A3-8F0B-984454B883DD} = {A830D9E7-D9AD-45A3-8F0B-984454B883DD}
	EndProjectSection
EndProject
Project("{8BC9CEB8-8B4A-11D0-8D11-00A0C91BC942}") = "wobble", "gbdk-lib\examples\wobble\wobble.vcxproj", "{00AC44F1-E911-40A3-AA74-88D91BAE68AB}"
	ProjectSection(ProjectDependencies) = postProject
		{A718DD35-8360-43D8-82D2-45D27B94C3A8} = {A718DD35-8360-43D8-82D2-45D27B94C3A8}
		{A830D9E7-D9AD-45A3-8F0B-984454B883DD} = {A830D9E7-D9AD-45A3-8F0B-984454B883DD}
	EndProjectSection
EndProject
Project("{8BC9CEB8-8B4A-11D0-8D11-00A0C91BC942}") = "crash", "gbdk-lib\examples\crash\crash.vcxproj", "{FE9A52FA-F346-4621-ABA6-82502413D12D}"
	ProjectSection(ProjectDependencies) = postProject
		{A718DD35-8360-43D8-82D2-45D27B94C3A8} = {A718DD35-8360-43D8-82D2-45D27B94C3A8}
		{A830D9E7-D9AD-45A3-8F0B-984454B883DD} = {A830D9E7-D9AD-45A3-8F0B-984454B883DD}
	EndProjectSection
EndProject
Global
	GlobalSection(SolutionConfigurationPlatforms) = preSolution
		Debug|x64 = Debug|x64
		Debug|x86 = Debug|x86
		Release|x64 = Release|x64
		Release|x86 = Release|x86
	EndGlobalSection
	GlobalSection(ProjectConfigurationPlatforms) = postSolution
		{2B573C10-5A15-4E77-8F33-804EABADC75B}.Debug|x64.ActiveCfg = Debug|x64
		{2B573C10-5A15-4E77-8F33-804EABADC75B}.Debug|x64.Build.0 = Debug|x64
		{2B573C10-5A15-4E77-8F33-804EABADC75B}.Debug|x86.ActiveCfg = Debug|Win32
		{2B573C10-5A15-4E77-8F33-804EABADC75B}.Debug|x86.Build.0 = Debug|Win32
		{2B573C10-5A15-4E77-8F33-804EABADC75B}.Release|x64.ActiveCfg = Release|x64
		{2B573C10-5A15-4E77-8F33-804EABADC75B}.Release|x64.Build.0 = Release|x64
		{2B573C10-5A15-4E77-8F33-804EABADC75B}.Release|x86.ActiveCfg = Release|Win32
		{2B573C10-5A15-4E77-8F33-804EABADC75B}.Release|x86.Build.0 = Release|Win32
		{A830D9E7-D9AD-45A3-8F0B-984454B883DD}.Debug|x64.ActiveCfg = Debug|Win32
		{A830D9E7-D9AD-45A3-8F0B-984454B883DD}.Debug|x86.ActiveCfg = Debug|Win32
		{A830D9E7-D9AD-45A3-8F0B-984454B883DD}.Debug|x86.Build.0 = Debug|Win32
		{A830D9E7-D9AD-45A3-8F0B-984454B883DD}.Release|x64.ActiveCfg = Release|Win32
		{A830D9E7-D9AD-45A3-8F0B-984454B883DD}.Release|x86.ActiveCfg = Release|Win32
		{A830D9E7-D9AD-45A3-8F0B-984454B883DD}.Release|x86.Build.0 = Release|Win32
		{A718DD35-8360-43D8-82D2-45D27B94C3A8}.Debug|x64.ActiveCfg = Debug|Win32
		{A718DD35-8360-43D8-82D2-45D27B94C3A8}.Debug|x86.ActiveCfg = Debug|Win32
		{A718DD35-8360-43D8-82D2-45D27B94C3A8}.Debug|x86.Build.0 = Debug|Win32
		{A718DD35-8360-43D8-82D2-45D27B94C3A8}.Release|x64.ActiveCfg = Release|Win32
		{A718DD35-8360-43D8-82D2-45D27B94C3A8}.Release|x86.ActiveCfg = Release|Win32
		{A718DD35-8360-43D8-82D2-45D27B94C3A8}.Release|x86.Build.0 = Release|Win32
		{1A41C8AC-3050-4149-B6B7-DE2FED614507}.Debug|x64.ActiveCfg = Debug|Win32
		{1A41C8AC-3050-4149-B6B7-DE2FED614507}.Debug|x86.ActiveCfg = Debug|Win32
		{1A41C8AC-3050-4149-B6B7-DE2FED614507}.Debug|x86.Build.0 = Debug|Win32
		{1A41C8AC-3050-4149-B6B7-DE2FED614507}.Release|x64.ActiveCfg = Release|Win32
		{1A41C8AC-3050-4149-B6B7-DE2FED614507}.Release|x86.ActiveCfg = Release|Win32
		{1A41C8AC-3050-4149-B6B7-DE2FED614507}.Release|x86.Build.0 = Release|Win32
		{8FB86A25-305B-4D59-8B73-F1D6C72F506B}.Debug|x64.ActiveCfg = Debug|Win32
		{8FB86A25-305B-4D59-8B73-F1D6C72F506B}.Debug|x86.ActiveCfg = Debug|Win32
		{8FB86A25-305B-4D59-8B73-F1D6C72F506B}.Debug|x86.Build.0 = Debug|Win32
		{8FB86A25-305B-4D59-8B73-F1D6C72F506B}.Release|x64.ActiveCfg = Release|Win32
		{8FB86A25-305B-4D59-8B73-F1D6C72F506B}.Release|x86.ActiveCfg = Release|Win32
		{8FB86A25-305B-4D59-8B73-F1D6C72F506B}.Release|x86.Build.0 = Release|Win32
		{9070B8EE-F60F-4155-9349-CCB1564EE28D}.Debug|x64.ActiveCfg = Debug|Win32
		{9070B8EE-F60F-4155-9349-CCB1564EE28D}.Debug|x86.ActiveCfg = Debug|Win32
		{9070B8EE-F60F-4155-9349-CCB1564EE28D}.Debug|x86.Build.0 = Debug|Win32
		{9070B8EE-F60F-4155-9349-CCB1564EE28D}.Release|x64.ActiveCfg = Release|Win32
		{9070B8EE-F60F-4155-9349-CCB1564EE28D}.Release|x86.ActiveCfg = Release|Win32
		{9070B8EE-F60F-4155-9349-CCB1564EE28D}.Release|x86.Build.0 = Release|Win32
		{3F40BE7B-928E-45B5-8A73-9A60590F3209}.Debug|x64.ActiveCfg = Debug|Win32
		{3F40BE7B-928E-45B5-8A73-9A60590F3209}.Debug|x86.ActiveCfg = Debug|Win32
		{3F40BE7B-928E-45B5-8A73-9A60590F3209}.Debug|x86.Build.0 = Debug|Win32
		{3F40BE7B-928E-45B5-8A73-9A60590F3209}.Release|x64.ActiveCfg = Release|Win32
		{3F40BE7B-928E-45B5-8A73-9A60590F3209}.Release|x86.ActiveCfg = Release|Win32
		{3F40BE7B-928E-45B5-8A73-9A60590F3209}.Release|x86.Build.0 = Release|Win32
		{A70184A1-AA6A-4140-BC1E-54A61095FBDC}.Debug|x64.ActiveCfg = Debug|Win32
		{A70184A1-AA6A-4140-BC1E-54A61095FBDC}.Debug|x86.ActiveCfg = Debug|Win32
		{A70184A1-AA6A-4140-BC1E-54A61095FBDC}.Debug|x86.Build.0 = Debug|Win32
		{A70184A1-AA6A-4140-BC1E-54A61095FBDC}.Release|x64.ActiveCfg = Release|Win32
		{A70184A1-AA6A-4140-BC1E-54A61095FBDC}.Release|x86.ActiveCfg = Release|Win32
		{A70184A1-AA6A-4140-BC1E-54A61095FBDC}.Release|x86.Build.0 = Release|Win32
		{F692804D-1EB6-4B9F-BD2E-7E0B127B4285}.Debug|x64.ActiveCfg = Debug|Win32
		{F692804D-1EB6-4B9F-BD2E-7E0B127B4285}.Debug|x86.ActiveCfg = Debug|Win32
		{F692804D-1EB6-4B9F-BD2E-7E0B127B4285}.Debug|x86.Build.0 = Debug|Win32
		{F692804D-1EB6-4B9F-BD2E-7E0B127B4285}.Release|x64.ActiveCfg = Release|Win32
		{F692804D-1EB6-4B9F-BD2E-7E0B127B4285}.Release|x86.ActiveCfg = Release|Win32
		{F692804D-1EB6-4B9F-BD2E-7E0B127B4285}.Release|x86.Build.0 = Release|Win32
		{2730F0C0-9F32-4A91-8B7F-8B18BC54172A}.Debug|x64.ActiveCfg = Debug|Win32
		{2730F0C0-9F32-4A91-8B7F-8B18BC54172A}.Debug|x86.ActiveCfg = Debug|Win32
		{2730F0C0-9F32-4A91-8B7F-8B18BC54172A}.Debug|x86.Build.0 = Debug|Win32
		{2730F0C0-9F32-4A91-8B7F-8B18BC54172A}.Release|x64.ActiveCfg = Release|Win32
		{2730F0C0-9F32-4A91-8B7F-8B18BC54172A}.Release|x86.ActiveCfg = Release|Win32
		{2730F0C0-9F32-4A91-8B7F-8B18BC54172A}.Release|x86.Build.0 = Release|Win32
		{B2E0E9F9-BC85-4C4A-8C51-54AB92736EFD}.Debug|x64.ActiveCfg = Debug|Win32
		{B2E0E9F9-BC85-4C4A-8C51-54AB92736EFD}.Debug|x86.ActiveCfg = Debug|Win32
		{B2E0E9F9-BC85-4C4A-8C51-54AB92736EFD}.Debug|x86.Build.0 = Debug|Win32
		{B2E0E9F9-BC85-4C4A-8C51-54AB92736EFD}.Release|x64.ActiveCfg = Release|Win32
		{B2E0E9F9-BC85-4C4A-8C51-54AB92736EFD}.Release|x86.ActiveCfg = Release|Win32
		{B2E0E9F9-BC85-4C4A-8C51-54AB92736EFD}.Release|x86.Build.0 = Release|Win32
		{F5BCAFEA-4D59-4552-A177-45DC8180F718}.Debug|x64.ActiveCfg = Debug|Win32
		{F5BCAFEA-4D59-4552-A177-45DC8180F718}.Debug|x86.ActiveCfg = Debug|Win32
		{F5BCAFEA-4D59-4552-A177-45DC8180F718}.Debug|x86.Build.0 = Debug|Win32
		{F5BCAFEA-4D59-4552-A177-45DC8180F718}.Release|x64.ActiveCfg = Release|Win32
		{F5BCAFEA-4D59-4552-A177-45DC8180F718}.Release|x86.ActiveCfg = Release|Win32
		{F5BCAFEA-4D59-4552-A177-45DC8180F718}.Release|x86.Build.0 = Release|Win32
		{DB614D57-A939-4F14-985C-52B41E60048B}.Debug|x64.ActiveCfg = Debug|Win32
		{DB614D57-A939-4F14-985C-52B41E60048B}.Debug|x86.ActiveCfg = Debug|Win32
		{DB614D57-A939-4F14-985C-52B41E60048B}.Debug|x86.Build.0 = Debug|Win32
		{DB614D57-A939-4F14-985C-52B41E60048B}.Release|x64.ActiveCfg = Release|Win32
		{DB614D57-A939-4F14-985C-52B41E60048B}.Release|x86.ActiveCfg = Release|Win32
		{DB614D57-A939-4F14-985C-52B41E60048B}.Release|x86.Build.0 = Release|Win32
		{AD4AB4E3-25D8-4F7C-AE0F-D8EFB0D8CE56}.Debug|x64.ActiveCfg = Debug|Win32
		{AD4AB4E3-25D8-4F7C-AE0F-D8EFB0D8CE56}.Debug|x86.ActiveCfg = Debug|Win32
		{AD4AB4E3-25D8-4F7C-AE0F-D8EFB0D8CE56}.Debug|x86.Build.0 = Debug|Win32
		{AD4AB4E3-25D8-4F7C-AE0F-D8EFB0D8CE56}.Release|x64.ActiveCfg = Release|Win32
		{AD4AB4E3-25D8-4F7C-AE0F-D8EFB0D8CE56}.Release|x86.ActiveCfg = Release|Win32
		{AD4AB4E3-25D8-4F7C-AE0F-D8EFB0D8CE56}.Release|x86.Build.0 = Release|Win32
		{A94D575B-67D0-4EA3-A333-B003A5C8032F}.Debug|x64.ActiveCfg = Debug|Win32
		{A94D575B-67D0-4EA3-A333-B003A5C8032F}.Debug|x86.ActiveCfg = Debug|Win32
		{A94D575B-67D0-4EA3-A333-B003A5C8032F}.Debug|x86.Build.0 = Debug|Win32
		{A94D575B-67D0-4EA3-A333-B003A5C8032F}.Release|x64.ActiveCfg = Release|Win32
		{A94D575B-67D0-4EA3-A333-B003A5C8032F}.Release|x86.ActiveCfg = Release|Win32
		{A94D575B-67D0-4EA3-A333-B003A5C8032F}.Release|x86.Build.0 = Release|Win32
		{A7528083-BE2E-4527-83A8-3F73E6673F79}.Debug|x64.ActiveCfg = Debug|Win32
		{A7528083-BE2E-4527-83A8-3F73E6673F79}.Debug|x86.ActiveCfg = Debug|Win32
		{A7528083-BE2E-4527-83A8-3F73E6673F79}.Debug|x86.Build.0 = Debug|Win32
		{A7528083-BE2E-4527-83A8-3F73E6673F79}.Release|x64.ActiveCfg = Release|Win32
		{A7528083-BE2E-4527-83A8-3F73E6673F79}.Release|x86.ActiveCfg = Release|Win32
		{A7528083-BE2E-4527-83A8-3F73E6673F79}.Release|x86.Build.0 = Release|Win32
		{A1EFDF72-8958-41D2-A3F3-977CAD736B5B}.Debug|x64.ActiveCfg = Debug|Win32
		{A1EFDF72-8958-41D2-A3F3-977CAD736B5B}.Debug|x86.ActiveCfg = Debug|Win32
		{A1EFDF72-8958-41D2-A3F3-977CAD736B5B}.Debug|x86.Build.0 = Debug|Win32
		{A1EFDF72-8958-41D2-A3F3-977CAD736B5B}.Release|x64.ActiveCfg = Release|Win32
		{A1EFDF72-8958-41D2-A3F3-977CAD736B5B}.Release|x86.ActiveCfg = Release|Win32
		{A1EFDF72-8958-41D2-A3F3-977CAD736B5B}.Release|x86.Build.0 = Release|Win32
		{48B889C4-5E43-4839-9DE9-9ECD82744125}.Debug|x64.ActiveCfg = Debug|Win32
		{48B889C4-5E43-4839-9DE9-9ECD82744125}.Debug|x86.ActiveCfg = Debug|Win32
		{48B889C4-5E43-4839-9DE9-9ECD82744125}.Debug|x86.Build.0 = Debug|Win32
		{48B889C4-5E43-4839-9DE9-9ECD82744125}.Release|x64.ActiveCfg = Release|Win32
		{48B889C4-5E43-4839-9DE9-9ECD82744125}.Release|x86.ActiveCfg = Release|Win32
		{48B889C4-5E43-4839-9DE9-9ECD82744125}.Release|x86.Build.0 = Release|Win32
		{00AC44F1-E911-40A3-AA74-88D91BAE68AB}.Debug|x64.ActiveCfg = Debug|Win32
		{00AC44F1-E911-40A3-AA74-88D91BAE68AB}.Debug|x86.ActiveCfg = Debug|Win32
		{00AC44F1-E911-40A3-AA74-88D91BAE68AB}.Debug|x86.Build.0 = Debug|Win32
		{00AC44F1-E911-40A3-AA74-88D91BAE68AB}.Release|x64.ActiveCfg = Release|Win32
		{00AC44F1-E911-40A3-AA74-88D91BAE68AB}.Release|x86.ActiveCfg = Release|Win32
		{00AC44F1-E911-40A3-AA74-88D91BAE68AB}.Release|x86.Build.0 = Release|Win32
		{FE9A52FA-F346-4621-ABA6-82502413D12D}.Debug|x64.ActiveCfg = Debug|Win32
		{FE9A52FA-F346-4621-ABA6-82502413D12D}.Debug|x86.ActiveCfg = Debug|Win32
		{FE9A52FA-F346-4621-ABA6-82502413D12D}.Debug|x86.Build.0 = Debug|Win32
		{FE9A52FA-F346-4621-ABA6-82502413D12D}.Release|x64.ActiveCfg = Release|Win32
		{FE9A52FA-F346-4621-ABA6-82502413D12D}.Release|x86.ActiveCfg = Release|Win32
		{FE9A52FA-F346-4621-ABA6-82502413D12D}.Release|x86.Build.0 = Release|Win32
	EndGlobalSection
	GlobalSection(SolutionProperties) = preSolution
		HideSolutionNode = FALSE
	EndGlobalSection
	GlobalSection(NestedProjects) = preSolution
		{2DB5371C-73D6-4C57-9031-24902B6E03D5} = {A764F679-EBFB-4882-9346-765834AF244F}
		{2B573C10-5A15-4E77-8F33-804EABADC75B} = {50285597-5DA3-405A-AB4F-FC6C0BE8B67F}
		{2B3461D7-77D7-4824-9363-08D19321CF61} = {A764F679-EBFB-4882-9346-765834AF244F}
		{A830D9E7-D9AD-45A3-8F0B-984454B883DD} = {2B3461D7-77D7-4824-9363-08D19321CF61}
		{A718DD35-8360-43D8-82D2-45D27B94C3A8} = {2B3461D7-77D7-4824-9363-08D19321CF61}
		{1A41C8AC-3050-4149-B6B7-DE2FED614507} = {2DB5371C-73D6-4C57-9031-24902B6E03D5}
		{8FB86A25-305B-4D59-8B73-F1D6C72F506B} = {2DB5371C-73D6-4C57-9031-24902B6E03D5}
		{9070B8EE-F60F-4155-9349-CCB1564EE28D} = {2DB5371C-73D6-4C57-9031-24902B6E03D5}
		{3F40BE7B-928E-45B5-8A73-9A60590F3209} = {2DB5371C-73D6-4C57-9031-24902B6E03D5}
		{A70184A1-AA6A-4140-BC1E-54A61095FBDC} = {2DB5371C-73D6-4C57-9031-24902B6E03D5}
		{F692804D-1EB6-4B9F-BD2E-7E0B127B4285} = {2DB5371C-73D6-4C57-9031-24902B6E03D5}
		{2730F0C0-9F32-4A91-8B7F-8B18BC54172A} = {2DB5371C-73D6-4C57-9031-24902B6E03D5}
		{B2E0E9F9-BC85-4C4A-8C51-54AB92736EFD} = {2DB5371C-73D6-4C57-9031-24902B6E03D5}
		{F5BCAFEA-4D59-4552-A177-45DC8180F718} = {2DB5371C-73D6-4C57-9031-24902B6E03D5}
		{DB614D57-A939-4F14-985C-52B41E60048B} = {2DB5371C-73D6-4C57-9031-24902B6E03D5}
		{AD4AB4E3-25D8-4F7C-AE0F-D8EFB0D8CE56} = {2DB5371C-73D6-4C57-9031-24902B6E03D5}
		{A94D575B-67D0-4EA3-A333-B003A5C8032F} = {2DB5371C-73D6-4C57-9031-24902B6E03D5}
		{A7528083-BE2E-4527-83A8-3F73E6673F79} = {2DB5371C-73D6-4C57-9031-24902B6E03D5}
		{A1EFDF72-8958-41D2-A3F3-977CAD736B5B} = {2DB5371C-73D6-4C57-9031-24902B6E03D5}
		{48B889C4-5E43-4839-9DE9-9ECD82744125} = {2DB5371C-73D6-4C57-9031-24902B6E03D5}
		{00AC44F1-E911-40A3-AA74-88D91BAE68AB} = {2DB5371C-73D6-4C57-9031-24902B6E03D5}
		{FE9A52FA-F346-4621-ABA6-82502413D12D} = {2DB5371C-73D6-4C57-9031-24902B6E03D5}
	EndGlobalSection
	GlobalSection(ExtensibilityGlobals) = postSolution
		SolutionGuid = {5C2612C1-E309-4DED-B206-82E152332427}
	EndGlobalSection
EndGlobal
